#
# This file is autogenerated by pip-compile with Python 3.9
# by the following command:
#
#    pip-compile --output-file=requirements.lock requirements.txt
#
-e git+ssh://git@github.com/ThisIsJorgeLima/drug-prediction-system.git@e0dcbb090c1965271eb558c29ccbc181860581fe#egg=drug_prediction_system
    # via -r requirements.txt
altair==5.5.0
    # via
    #   -r requirements.txt
    #   streamlit
attrs==24.2.0
    # via
    #   -r requirements.txt
    #   jsonschema
    #   referencing
autopep8==2.3.1
    # via -r requirements.txt
blinker==1.9.0
    # via
    #   -r requirements.txt
    #   streamlit
cachetools==5.5.0
    # via
    #   -r requirements.txt
    #   streamlit
certifi==2024.8.30
    # via
    #   -r requirements.txt
    #   requests
charset-normalizer==3.4.0
    # via
    #   -r requirements.txt
    #   requests
click==8.1.7
    # via
    #   -r requirements.txt
    #   streamlit
exceptiongroup==1.2.2
    # via
    #   -r requirements.txt
    #   pytest
flake8==7.1.1
    # via -r requirements.txt
gitdb==4.0.11
    # via
    #   -r requirements.txt
    #   gitpython
gitpython==3.1.43
    # via
    #   -r requirements.txt
    #   streamlit
idna==3.10
    # via
    #   -r requirements.txt
    #   requests
importlib-metadata==7.2.1
    # via
    #   -r requirements.txt
    #   streamlit
iniconfig==2.0.0
    # via
    #   -r requirements.txt
    #   pytest
jinja2==3.1.4
    # via
    #   -r requirements.txt
    #   altair
    #   pydeck
joblib==1.4.2
    # via
    #   -r requirements.txt
    #   scikit-learn
jsonschema==4.23.0
    # via
    #   -r requirements.txt
    #   altair
jsonschema-specifications==2024.10.1
    # via
    #   -r requirements.txt
    #   jsonschema
markdown-it-py==3.0.0
    # via
    #   -r requirements.txt
    #   rich
markupsafe==3.0.2
    # via
    #   -r requirements.txt
    #   jinja2
mccabe==0.7.0
    # via
    #   -r requirements.txt
    #   flake8
mdurl==0.1.2
    # via
    #   -r requirements.txt
    #   markdown-it-py
narwhals==1.16.0
    # via
    #   -r requirements.txt
    #   altair
numpy==1.26.4
    # via
    #   -r requirements.txt
    #   pandas
    #   pydeck
    #   scikit-learn
    #   scipy
    #   streamlit
packaging==23.2
    # via
    #   -r requirements.txt
    #   altair
    #   plotly
    #   pytest
    #   streamlit
pandas==2.2.3
    # via
    #   -r requirements.txt
    #   streamlit
pillow==10.4.0
    # via
    #   -r requirements.txt
    #   streamlit
plotly==5.24.1
    # via -r requirements.txt
pluggy==1.5.0
    # via
    #   -r requirements.txt
    #   pytest
protobuf==4.25.5
    # via
    #   -r requirements.txt
    #   streamlit
pyarrow==18.1.0
    # via
    #   -r requirements.txt
    #   streamlit
pycodestyle==2.12.1
    # via
    #   -r requirements.txt
    #   autopep8
    #   flake8
pydeck==0.9.1
    # via
    #   -r requirements.txt
    #   streamlit
pyflakes==3.2.0
    # via
    #   -r requirements.txt
    #   flake8
pygments==2.18.0
    # via
    #   -r requirements.txt
    #   rich
pytest==8.3.4
    # via -r requirements.txt
python-dateutil==2.9.0.post0
    # via
    #   -r requirements.txt
    #   pandas
    #   streamlit
pytz==2024.2
    # via
    #   -r requirements.txt
    #   pandas
referencing==0.35.1
    # via
    #   -r requirements.txt
    #   jsonschema
    #   jsonschema-specifications
requests==2.32.3
    # via
    #   -r requirements.txt
    #   streamlit
rich==13.9.4
    # via
    #   -r requirements.txt
    #   streamlit
rpds-py==0.22.3
    # via
    #   -r requirements.txt
    #   jsonschema
    #   referencing
scikit-learn==1.6.0
    # via -r requirements.txt
scipy==1.13.1
    # via
    #   -r requirements.txt
    #   scikit-learn
six==1.17.0
    # via
    #   -r requirements.txt
    #   python-dateutil
smmap==5.0.1
    # via
    #   -r requirements.txt
    #   gitdb
streamlit==1.31.0
    # via -r requirements.txt
tenacity==8.5.0
    # via
    #   -r requirements.txt
    #   plotly
    #   streamlit
threadpoolctl==3.5.0
    # via
    #   -r requirements.txt
    #   scikit-learn
toml==0.10.2
    # via
    #   -r requirements.txt
    #   streamlit
tomli==2.2.1
    # via
    #   -r requirements.txt
    #   autopep8
    #   pytest
tornado==6.4.2
    # via
    #   -r requirements.txt
    #   streamlit
typing-extensions==4.12.2
    # via
    #   -r requirements.txt
    #   altair
    #   rich
    #   streamlit
tzdata==2024.2
    # via
    #   -r requirements.txt
    #   pandas
tzlocal==5.2
    # via
    #   -r requirements.txt
    #   streamlit
urllib3==2.2.3
    # via
    #   -r requirements.txt
    #   requests
validators==0.34.0
    # via
    #   -r requirements.txt
    #   streamlit
watchdog==6.0.0
    # via -r requirements.txt
zipp==3.21.0
    # via
    #   -r requirements.txt
    #   importlib-metadata
